
Microsoft Visual Studio Solution File, Format Version 9.00
# Visual C++ Express 2005
Project("{8BC9CEB8-8B4A-11D0-8D11-00A0C91BC942}") = "Chap10-1", "Chap10-1\Chap10-1.vcproj", "{1C3AEDC1-A4D8-4269-A6A3-B840B3385793}"
EndProject
Project("{8BC9CEB8-8B4A-11D0-8D11-00A0C91BC942}") = "Chap10-2", "Chap10-2\Chap10-2.vcproj", "{EF691A24-1E60-47A2-A4CC-2EB1D51140EC}"
EndProject
Project("{8BC9CEB8-8B4A-11D0-8D11-00A0C91BC942}") = "Chap10-3", "Chap10-3\Chap10-3.vcproj", "{05920C85-B479-4D78-B1DF-C7F656BF6452}"
EndProject
Project("{8BC9CEB8-8B4A-11D0-8D11-00A0C91BC942}") = "Chap10-4", "Chap10-4\Chap10-4.vcproj", "{9F36A846-998C-407A-B5E7-7ABF269F541B}"
EndProject
Project("{8BC9CEB8-8B4A-11D0-8D11-00A0C91BC942}") = "Chap10-5", "Chap10-5\Chap10-5.vcproj", "{E1FC5F21-3A69-4644-9C04-04AC10D90098}"
EndProject
Global
	GlobalSection(SolutionConfigurationPlatforms) = preSolution
		Debug|Win32 = Debug|Win32
		Release|Win32 = Release|Win32
	EndGlobalSection
	GlobalSection(ProjectConfigurationPlatforms) = postSolution
		{1C3AEDC1-A4D8-4269-A6A3-B840B3385793}.Debug|Win32.ActiveCfg = Debug|Win32
		{1C3AEDC1-A4D8-4269-A6A3-B840B3385793}.Debug|Win32.Build.0 = Debug|Win32
		{1C3AEDC1-A4D8-4269-A6A3-B840B3385793}.Release|Win32.ActiveCfg = Release|Win32
		{1C3AEDC1-A4D8-4269-A6A3-B840B3385793}.Release|Win32.Build.0 = Release|Win32
		{EF691A24-1E60-47A2-A4CC-2EB1D51140EC}.Debug|Win32.ActiveCfg = Debug|Win32
		{EF691A24-1E60-47A2-A4CC-2EB1D51140EC}.Debug|Win32.Build.0 = Debug|Win32
		{EF691A24-1E60-47A2-A4CC-2EB1D51140EC}.Release|Win32.ActiveCfg = Release|Win32
		{EF691A24-1E60-47A2-A4CC-2EB1D51140EC}.Release|Win32.Build.0 = Release|Win32
		{05920C85-B479-4D78-B1DF-C7F656BF6452}.Debug|Win32.ActiveCfg = Debug|Win32
		{05920C85-B479-4D78-B1DF-C7F656BF6452}.Debug|Win32.Build.0 = Debug|Win32
		{05920C85-B479-4D78-B1DF-C7F656BF6452}.Release|Win32.ActiveCfg = Release|Win32
		{05920C85-B479-4D78-B1DF-C7F656BF6452}.Release|Win32.Build.0 = Release|Win32
		{9F36A846-998C-407A-B5E7-7ABF269F541B}.Debug|Win32.ActiveCfg = Debug|Win32
		{9F36A846-998C-407A-B5E7-7ABF269F541B}.Debug|Win32.Build.0 = Debug|Win32
		{9F36A846-998C-407A-B5E7-7ABF269F541B}.Release|Win32.ActiveCfg = Release|Win32
		{9F36A846-998C-407A-B5E7-7ABF269F541B}.Release|Win32.Build.0 = Release|Win32
		{E1FC5F21-3A69-4644-9C04-04AC10D90098}.Debug|Win32.ActiveCfg = Debug|Win32
		{E1FC5F21-3A69-4644-9C04-04AC10D90098}.Debug|Win32.Build.0 = Debug|Win32
		{E1FC5F21-3A69-4644-9C04-04AC10D90098}.Release|Win32.ActiveCfg = Release|Win32
		{E1FC5F21-3A69-4644-9C04-04AC10D90098}.Release|Win32.Build.0 = Release|Win32
	EndGlobalSection
	GlobalSection(SolutionProperties) = preSolution
		HideSolutionNode = FALSE
	EndGlobalSection
EndGlobal
