
Microsoft Visual Studio Solution File, Format Version 9.00
# Visual Studio 2005
Project("{8BC9CEB8-8B4A-11D0-8D11-00A0C91BC942}") = "Chap9-1", "Chap9-1\Chap9-1.vcproj", "{711475C1-7DFD-45ED-B8FF-FEA3812E0299}"
EndProject
Project("{8BC9CEB8-8B4A-11D0-8D11-00A0C91BC942}") = "Chap9-2", "Chap9-2\Chap9-2.vcproj", "{56BB6F6C-8248-4F39-86B7-7924B7ED5E06}"
EndProject
Global
	GlobalSection(SolutionConfigurationPlatforms) = preSolution
		Debug|Win32 = Debug|Win32
		Release|Win32 = Release|Win32
	EndGlobalSection
	GlobalSection(ProjectConfigurationPlatforms) = postSolution
		{711475C1-7DFD-45ED-B8FF-FEA3812E0299}.Debug|Win32.ActiveCfg = Debug|Win32
		{711475C1-7DFD-45ED-B8FF-FEA3812E0299}.Debug|Win32.Build.0 = Debug|Win32
		{711475C1-7DFD-45ED-B8FF-FEA3812E0299}.Release|Win32.ActiveCfg = Release|Win32
		{711475C1-7DFD-45ED-B8FF-FEA3812E0299}.Release|Win32.Build.0 = Release|Win32
		{56BB6F6C-8248-4F39-86B7-7924B7ED5E06}.Debug|Win32.ActiveCfg = Debug|Win32
		{56BB6F6C-8248-4F39-86B7-7924B7ED5E06}.Debug|Win32.Build.0 = Debug|Win32
		{56BB6F6C-8248-4F39-86B7-7924B7ED5E06}.Release|Win32.ActiveCfg = Release|Win32
		{56BB6F6C-8248-4F39-86B7-7924B7ED5E06}.Release|Win32.Build.0 = Release|Win32
	EndGlobalSection
	GlobalSection(SolutionProperties) = preSolution
		HideSolutionNode = FALSE
	EndGlobalSection
EndGlobal
