
Microsoft Visual Studio Solution File, Format Version 9.00
# Visual Studio 2005
Project("{8BC9CEB8-8B4A-11D0-8D11-00A0C91BC942}") = "Chap1-1", "Chap1-1\Chap1-1.vcproj", "{033BF9D5-CB8A-48BD-8475-F95B2F7C528C}"
EndProject
Project("{8BC9CEB8-8B4A-11D0-8D11-00A0C91BC942}") = "Chap1-2", "Chap1-2\Chap1-2.vcproj", "{33CBA8A4-FFD4-4430-9CB4-8594593A3353}"
EndProject
Project("{8BC9CEB8-8B4A-11D0-8D11-00A0C91BC942}") = "Chap1-3", "Chap1-3\Chap1-3.vcproj", "{75F463D2-B63D-47B4-B698-789587BC77C7}"
EndProject
Project("{8BC9CEB8-8B4A-11D0-8D11-00A0C91BC942}") = "Chap1-4", "Chap1-4\Chap1-4.vcproj", "{3DE2B47F-302D-4374-AB38-60DF22C11AEB}"
EndProject
Project("{8BC9CEB8-8B4A-11D0-8D11-00A0C91BC942}") = "Chap1-5", "Chap1-5\Chap1-5.vcproj", "{FCC95567-9737-4EAA-8EE6-E6DED29DAEC9}"
EndProject
Global
	GlobalSection(SolutionConfigurationPlatforms) = preSolution
		Debug|Win32 = Debug|Win32
		Release|Win32 = Release|Win32
	EndGlobalSection
	GlobalSection(ProjectConfigurationPlatforms) = postSolution
		{033BF9D5-CB8A-48BD-8475-F95B2F7C528C}.Debug|Win32.ActiveCfg = Debug|Win32
		{033BF9D5-CB8A-48BD-8475-F95B2F7C528C}.Debug|Win32.Build.0 = Debug|Win32
		{033BF9D5-CB8A-48BD-8475-F95B2F7C528C}.Release|Win32.ActiveCfg = Release|Win32
		{033BF9D5-CB8A-48BD-8475-F95B2F7C528C}.Release|Win32.Build.0 = Release|Win32
		{33CBA8A4-FFD4-4430-9CB4-8594593A3353}.Debug|Win32.ActiveCfg = Debug|Win32
		{33CBA8A4-FFD4-4430-9CB4-8594593A3353}.Debug|Win32.Build.0 = Debug|Win32
		{33CBA8A4-FFD4-4430-9CB4-8594593A3353}.Release|Win32.ActiveCfg = Release|Win32
		{33CBA8A4-FFD4-4430-9CB4-8594593A3353}.Release|Win32.Build.0 = Release|Win32
		{75F463D2-B63D-47B4-B698-789587BC77C7}.Debug|Win32.ActiveCfg = Debug|Win32
		{75F463D2-B63D-47B4-B698-789587BC77C7}.Debug|Win32.Build.0 = Debug|Win32
		{75F463D2-B63D-47B4-B698-789587BC77C7}.Release|Win32.ActiveCfg = Release|Win32
		{75F463D2-B63D-47B4-B698-789587BC77C7}.Release|Win32.Build.0 = Release|Win32
		{3DE2B47F-302D-4374-AB38-60DF22C11AEB}.Debug|Win32.ActiveCfg = Debug|Win32
		{3DE2B47F-302D-4374-AB38-60DF22C11AEB}.Debug|Win32.Build.0 = Debug|Win32
		{3DE2B47F-302D-4374-AB38-60DF22C11AEB}.Release|Win32.ActiveCfg = Release|Win32
		{3DE2B47F-302D-4374-AB38-60DF22C11AEB}.Release|Win32.Build.0 = Release|Win32
		{FCC95567-9737-4EAA-8EE6-E6DED29DAEC9}.Debug|Win32.ActiveCfg = Debug|Win32
		{FCC95567-9737-4EAA-8EE6-E6DED29DAEC9}.Debug|Win32.Build.0 = Debug|Win32
		{FCC95567-9737-4EAA-8EE6-E6DED29DAEC9}.Release|Win32.ActiveCfg = Release|Win32
		{FCC95567-9737-4EAA-8EE6-E6DED29DAEC9}.Release|Win32.Build.0 = Release|Win32
	EndGlobalSection
	GlobalSection(SolutionProperties) = preSolution
		HideSolutionNode = FALSE
	EndGlobalSection
EndGlobal
